
Microsoft Visual Studio Solution File, Format Version 12.00
# Visual Studio 15
Project("{FAE04EC0-301F-11D3-BF4B-00C04F79EFBC}") = "GoogleMobileAds", "GoogleMobileAds.csproj", "{B2E68BB3-6223-4C59-006E-93C2F41D8BF3}"
EndProject
Project("{FAE04EC0-301F-11D3-BF4B-00C04F79EFBC}") = "Assembly-CSharp", "Assembly-CSharp.csproj", "{07C2D46E-C7CA-2994-F83E-86ECA9CB87B0}"
EndProject
Project("{FAE04EC0-301F-11D3-BF4B-00C04F79EFBC}") = "GoogleMobileAds.Editor", "GoogleMobileAds.Editor.csproj", "{0219E70D-33CE-EF30-EAF9-006234C1F117}"
EndProject
Global
	GlobalSection(SolutionConfigurationPlatforms) = preSolution
		Debug|Any CPU = Debug|Any CPU
		Release|Any CPU = Release|Any CPU
	EndGlobalSection
	GlobalSection(ProjectConfigurationPlatforms) = postSolution
		{B2E68BB3-6223-4C59-006E-93C2F41D8BF3}.Debug|Any CPU.ActiveCfg = Debug|Any CPU
		{B2E68BB3-6223-4C59-006E-93C2F41D8BF3}.Debug|Any CPU.Build.0 = Debug|Any CPU
		{B2E68BB3-6223-4C59-006E-93C2F41D8BF3}.Release|Any CPU.ActiveCfg = Release|Any CPU
		{B2E68BB3-6223-4C59-006E-93C2F41D8BF3}.Release|Any CPU.Build.0 = Release|Any CPU
		{07C2D46E-C7CA-2994-F83E-86ECA9CB87B0}.Debug|Any CPU.ActiveCfg = Debug|Any CPU
		{07C2D46E-C7CA-2994-F83E-86ECA9CB87B0}.Debug|Any CPU.Build.0 = Debug|Any CPU
		{07C2D46E-C7CA-2994-F83E-86ECA9CB87B0}.Release|Any CPU.ActiveCfg = Release|Any CPU
		{07C2D46E-C7CA-2994-F83E-86ECA9CB87B0}.Release|Any CPU.Build.0 = Release|Any CPU
		{0219E70D-33CE-EF30-EAF9-006234C1F117}.Debug|Any CPU.ActiveCfg = Debug|Any CPU
		{0219E70D-33CE-EF30-EAF9-006234C1F117}.Debug|Any CPU.Build.0 = Debug|Any CPU
		{0219E70D-33CE-EF30-EAF9-006234C1F117}.Release|Any CPU.ActiveCfg = Release|Any CPU
		{0219E70D-33CE-EF30-EAF9-006234C1F117}.Release|Any CPU.Build.0 = Release|Any CPU
	EndGlobalSection
	GlobalSection(SolutionProperties) = preSolution
		HideSolutionNode = FALSE
	EndGlobalSection
EndGlobal
